
Microsoft Visual Studio Solution File, Format Version 12.00
# Visual Studio Version 17
VisualStudioVersion = 17.13.35825.156 d17.13
MinimumVisualStudioVersion = 10.0.40219.1
Project("{FAE04EC0-301F-11D3-BF4B-00C04F79EFBC}") = "C#_PR", "C#_PR\C#_PR.csproj", "{558A7EE5-04CC-48B3-959A-6EA294916F57}"
EndProject
Global
	GlobalSection(SolutionConfigurationPlatforms) = preSolution
		Debug|Any CPU = Debug|Any CPU
		Release|Any CPU = Release|Any CPU
	EndGlobalSection
	GlobalSection(ProjectConfigurationPlatforms) = postSolution
		{558A7EE5-04CC-48B3-959A-6EA294916F57}.Debug|Any CPU.ActiveCfg = Debug|Any CPU
		{558A7EE5-04CC-48B3-959A-6EA294916F57}.Debug|Any CPU.Build.0 = Debug|Any CPU
		{558A7EE5-04CC-48B3-959A-6EA294916F57}.Release|Any CPU.ActiveCfg = Release|Any CPU
		{558A7EE5-04CC-48B3-959A-6EA294916F57}.Release|Any CPU.Build.0 = Release|Any CPU
	EndGlobalSection
	GlobalSection(SolutionProperties) = preSolution
		HideSolutionNode = FALSE
	EndGlobalSection
	GlobalSection(ExtensibilityGlobals) = postSolution
		SolutionGuid = {E604D1F1-6BEE-4DDB-B6BE-6E9F569B986B}
	EndGlobalSection
EndGlobal
